
Microsoft Visual Studio Solution File, Format Version 12.00
# Visual Studio Version 16
VisualStudioVersion = 16.0.32106.194
MinimumVisualStudioVersion = 10.0.40219.1
Project("{9A19103F-16F7-4668-BE54-9A1E7A4F7556}") = "Orders.API", "Orders.API\Orders.API.csproj", "{E7A0AE06-8C3E-46A6-9B51-A7336859D8DF}"
EndProject
Project("{FAE04EC0-301F-11D3-BF4B-00C04F79EFBC}") = "Tests", "Tests\Tests.csproj", "{3F8F3CC4-911D-48BE-85A5-07E8C820AE2A}"
EndProject
Global
	GlobalSection(SolutionConfigurationPlatforms) = preSolution
		Debug|Any CPU = Debug|Any CPU
		Release|Any CPU = Release|Any CPU
	EndGlobalSection
	GlobalSection(ProjectConfigurationPlatforms) = postSolution
		{E7A0AE06-8C3E-46A6-9B51-A7336859D8DF}.Debug|Any CPU.ActiveCfg = Debug|Any CPU
		{E7A0AE06-8C3E-46A6-9B51-A7336859D8DF}.Debug|Any CPU.Build.0 = Debug|Any CPU
		{E7A0AE06-8C3E-46A6-9B51-A7336859D8DF}.Release|Any CPU.ActiveCfg = Release|Any CPU
		{E7A0AE06-8C3E-46A6-9B51-A7336859D8DF}.Release|Any CPU.Build.0 = Release|Any CPU
		{3F8F3CC4-911D-48BE-85A5-07E8C820AE2A}.Debug|Any CPU.ActiveCfg = Debug|Any CPU
		{3F8F3CC4-911D-48BE-85A5-07E8C820AE2A}.Debug|Any CPU.Build.0 = Debug|Any CPU
		{3F8F3CC4-911D-48BE-85A5-07E8C820AE2A}.Release|Any CPU.ActiveCfg = Release|Any CPU
		{3F8F3CC4-911D-48BE-85A5-07E8C820AE2A}.Release|Any CPU.Build.0 = Release|Any CPU
	EndGlobalSection
	GlobalSection(SolutionProperties) = preSolution
		HideSolutionNode = FALSE
	EndGlobalSection
	GlobalSection(ExtensibilityGlobals) = postSolution
		SolutionGuid = {8E9FADC5-BA24-4F6A-807A-2D94FDF25D2E}
	EndGlobalSection
EndGlobal
